// !$*UTF8*$!
{
	archiveVersion = 1;
	classes = {
	};
	objectVersion = 50;
	objects = {

/* Begin PBXBuildFile section */
		1407E825266636CF00C2957F /* GenDLList.cpp in Sources */ = {isa = PBXBuildFile; fileRef = 1407E823266636CF00C2957F /* GenDLList.cpp */; };
		1407E8272666412800C2957F /* GenDLList-impl.cpp in Sources */ = {isa = PBXBuildFile; fileRef = 1407E8262666412800C2957F /* GenDLList-impl.cpp */; };
		1407E82A2666549C00C2957F /* GenSkipL.cpp in Sources */ = {isa = PBXBuildFile; fileRef = 1407E8282666549C00C2957F /* GenSkipL.cpp */; };
		140A1B1526661B8E0056E1BE /* main.cpp in Sources */ = {isa = PBXBuildFile; fileRef = 140A1B1426661B8E0056E1BE /* main.cpp */; };
		140A1B1D26661C960056E1BE /* IntSLList.cpp in Sources */ = {isa = PBXBuildFile; fileRef = 140A1B1B26661C960056E1BE /* IntSLList.cpp */; };
/* End PBXBuildFile section */

/* Begin PBXCopyFilesBuildPhase section */
		140A1B0F26661B8E0056E1BE /* CopyFiles */ = {
			isa = PBXCopyFilesBuildPhase;
			buildActionMask = 2147483647;
			dstPath = /usr/share/man/man1/;
			dstSubfolderSpec = 0;
			files = (
			);
			runOnlyForDeploymentPostprocessing = 1;
		};
/* End PBXCopyFilesBuildPhase section */

/* Begin PBXFileReference section */
		1407E823266636CF00C2957F /* GenDLList.cpp */ = {isa = PBXFileReference; lastKnownFileType = sourcecode.cpp.cpp; path = GenDLList.cpp; sourceTree = "<group>"; };
		1407E824266636CF00C2957F /* GenDLList.hpp */ = {isa = PBXFileReference; lastKnownFileType = sourcecode.cpp.h; path = GenDLList.hpp; sourceTree = "<group>"; };
		1407E8262666412800C2957F /* GenDLList-impl.cpp */ = {isa = PBXFileReference; lastKnownFileType = sourcecode.cpp.cpp; path = "GenDLList-impl.cpp"; sourceTree = "<group>"; };
		1407E8282666549C00C2957F /* GenSkipL.cpp */ = {isa = PBXFileReference; lastKnownFileType = sourcecode.cpp.cpp; path = GenSkipL.cpp; sourceTree = "<group>"; };
		1407E8292666549C00C2957F /* GenSkipL.hpp */ = {isa = PBXFileReference; lastKnownFileType = sourcecode.cpp.h; path = GenSkipL.hpp; sourceTree = "<group>"; };
		140A1B1126661B8E0056E1BE /* oooccc */ = {isa = PBXFileReference; explicitFileType = "compiled.mach-o.executable"; includeInIndex = 0; path = oooccc; sourceTree = BUILT_PRODUCTS_DIR; };
		140A1B1426661B8E0056E1BE /* main.cpp */ = {isa = PBXFileReference; lastKnownFileType = sourcecode.cpp.cpp; path = main.cpp; sourceTree = "<group>"; };
		140A1B1B26661C960056E1BE /* IntSLList.cpp */ = {isa = PBXFileReference; lastKnownFileType = sourcecode.cpp.cpp; path = IntSLList.cpp; sourceTree = "<group>"; };
		140A1B1C26661C960056E1BE /* IntSLList.hpp */ = {isa = PBXFileReference; lastKnownFileType = sourcecode.cpp.h; path = IntSLList.hpp; sourceTree = "<group>"; };
/* End PBXFileReference section */

/* Begin PBXFrameworksBuildPhase section */
		140A1B0E26661B8E0056E1BE /* Frameworks */ = {
			isa = PBXFrameworksBuildPhase;
			buildActionMask = 2147483647;
			files = (
			);
			runOnlyForDeploymentPostprocessing = 0;
		};
/* End PBXFrameworksBuildPhase section */

/* Begin PBXGroup section */
		140A1B0826661B8E0056E1BE = {
			isa = PBXGroup;
			children = (
				140A1B1326661B8E0056E1BE /* oooccc */,
				140A1B1226661B8E0056E1BE /* Products */,
			);
			sourceTree = "<group>";
		};
		140A1B1226661B8E0056E1BE /* Products */ = {
			isa = PBXGroup;
			children = (
				140A1B1126661B8E0056E1BE /* oooccc */,
			);
			name = Products;
			sourceTree = "<group>";
		};
		140A1B1326661B8E0056E1BE /* oooccc */ = {
			isa = PBXGroup;
			children = (
				140A1B1426661B8E0056E1BE /* main.cpp */,
				140A1B1B26661C960056E1BE /* IntSLList.cpp */,
				140A1B1C26661C960056E1BE /* IntSLList.hpp */,
				1407E823266636CF00C2957F /* GenDLList.cpp */,
				1407E824266636CF00C2957F /* GenDLList.hpp */,
				1407E8262666412800C2957F /* GenDLList-impl.cpp */,
				1407E8282666549C00C2957F /* GenSkipL.cpp */,
				1407E8292666549C00C2957F /* GenSkipL.hpp */,
			);
			path = oooccc;
			sourceTree = "<group>";
		};
/* End PBXGroup section */

/* Begin PBXNativeTarget section */
		140A1B1026661B8E0056E1BE /* oooccc */ = {
			isa = PBXNativeTarget;
			buildConfigurationList = 140A1B1826661B8E0056E1BE /* Build configuration list for PBXNativeTarget "oooccc" */;
			buildPhases = (
				140A1B0D26661B8E0056E1BE /* Sources */,
				140A1B0E26661B8E0056E1BE /* Frameworks */,
				140A1B0F26661B8E0056E1BE /* CopyFiles */,
			);
			buildRules = (
			);
			dependencies = (
			);
			name = oooccc;
			productName = oooccc;
			productReference = 140A1B1126661B8E0056E1BE /* oooccc */;
			productType = "com.apple.product-type.tool";
		};
/* End PBXNativeTarget section */

/* Begin PBXProject section */
		140A1B0926661B8E0056E1BE /* Project object */ = {
			isa = PBXProject;
			attributes = {
				LastUpgradeCheck = 1250;
				TargetAttributes = {
					140A1B1026661B8E0056E1BE = {
						CreatedOnToolsVersion = 12.5;
					};
				};
			};
			buildConfigurationList = 140A1B0C26661B8E0056E1BE /* Build configuration list for PBXProject "oooccc" */;
			compatibilityVersion = "Xcode 9.3";
			developmentRegion = en;
			hasScannedForEncodings = 0;
			knownRegions = (
				en,
				Base,
			);
			mainGroup = 140A1B0826661B8E0056E1BE;
			productRefGroup = 140A1B1226661B8E0056E1BE /* Products */;
			projectDirPath = "";
			projectRoot = "";
			targets = (
				140A1B1026661B8E0056E1BE /* oooccc */,
			);
		};
/* End PBXProject section */

/* Begin PBXSourcesBuildPhase section */
		140A1B0D26661B8E0056E1BE /* Sources */ = {
			isa = PBXSourcesBuildPhase;
			buildActionMask = 2147483647;
			files = (
				1407E8272666412800C2957F /* GenDLList-impl.cpp in Sources */,
				140A1B1D26661C960056E1BE /* IntSLList.cpp in Sources */,
				1407E82A2666549C00C2957F /* GenSkipL.cpp in Sources */,
				140A1B1526661B8E0056E1BE /* main.cpp in Sources */,
				1407E825266636CF00C2957F /* GenDLList.cpp in Sources */,
			);
			runOnlyForDeploymentPostprocessing = 0;
		};
/* End PBXSourcesBuildPhase section */

/* Begin XCBuildConfiguration section */
		140A1B1626661B8E0056E1BE /* Debug */ = {
			isa = XCBuildConfiguration;
			buildSettings = {
				ALWAYS_SEARCH_USER_PATHS = NO;
				CLANG_ANALYZER_NONNULL = YES;
				CLANG_ANALYZER_NUMBER_OBJECT_CONVERSION = YES_AGGRESSIVE;
				CLANG_CXX_LANGUAGE_STANDARD = "gnu++14";
				CLANG_CXX_LIBRARY = "libc++";
				CLANG_ENABLE_MODULES = YES;
				CLANG_ENABLE_OBJC_ARC = YES;
				CLANG_ENABLE_OBJC_WEAK = YES;
				CLANG_WARN_BLOCK_CAPTURE_AUTORELEASING = YES;
				CLANG_WARN_BOOL_CONVERSION = YES;
				CLANG_WARN_COMMA = YES;
				CLANG_WARN_CONSTANT_CONVERSION = YES;
				CLANG_WARN_DEPRECATED_OBJC_IMPLEMENTATIONS = YES;
				CLANG_WARN_DIRECT_OBJC_ISA_USAGE = YES_ERROR;
				CLANG_WARN_DOCUMENTATION_COMMENTS = YES;
				CLANG_WARN_EMPTY_BODY = YES;
				CLANG_WARN_ENUM_CONVERSION = YES;
				CLANG_WARN_INFINITE_RECURSION = YES;
				CLANG_WARN_INT_CONVERSION = YES;
				CLANG_WARN_NON_LITERAL_NULL_CONVERSION = YES;
				CLANG_WARN_OBJC_IMPLICIT_RETAIN_SELF = YES;
				CLANG_WARN_OBJC_LITERAL_CONVERSION = YES;
				CLANG_WARN_OBJC_ROOT_CLASS = YES_ERROR;
				CLANG_WARN_QUOTED_INCLUDE_IN_FRAMEWORK_HEADER = YES;
				CLANG_WARN_RANGE_LOOP_ANALYSIS = YES;
				CLANG_WARN_STRICT_PROTOTYPES = YES;
				CLANG_WARN_SUSPICIOUS_MOVE = YES;
				CLANG_WARN_UNGUARDED_AVAILABILITY = YES_AGGRESSIVE;
				CLANG_WARN_UNREACHABLE_CODE = YES;
				CLANG_WARN__DUPLICATE_METHOD_MATCH = YES;
				COPY_PHASE_STRIP = NO;
				DEBUG_INFORMATION_FORMAT = dwarf;
				ENABLE_STRICT_OBJC_MSGSEND = YES;
				ENABLE_TESTABILITY = YES;
				GCC_C_LANGUAGE_STANDARD = gnu11;
				GCC_DYNAMIC_NO_PIC = NO;
				GCC_NO_COMMON_BLOCKS = YES;
				GCC_OPTIMIZATION_LEVEL = 0;
				GCC_PREPROCESSOR_DEFINITIONS = (
					"DEBUG=1",
					"$(inherited)",
				);
				GCC_WARN_64_TO_32_BIT_CONVERSION = YES;
				GCC_WARN_ABOUT_RETURN_TYPE = YES_ERROR;
				GCC_WARN_UNDECLARED_SELECTOR = YES;
				GCC_WARN_UNINITIALIZED_AUTOS = YES_AGGRESSIVE;
				GCC_WARN_UNUSED_FUNCTION = YES;
				GCC_WARN_UNUSED_VARIABLE = YES;
				MACOSX_DEPLOYMENT_TARGET = 11.3;
				MTL_ENABLE_DEBUG_INFO = INCLUDE_SOURCE;
				MTL_FAST_MATH = YES;
				ONLY_ACTIVE_ARCH = YES;
				SDKROOT = macosx;
			};
			name = Debug;
		};
		140A1B1726661B8E0056E1BE /* Release */ = {
			isa = XCBuildConfiguration;
			buildSettings = {
				ALWAYS_SEARCH_USER_PATHS = NO;
				CLANG_ANALYZER_NONNULL = YES;
				CLANG_ANALYZER_NUMBER_OBJECT_CONVERSION = YES_AGGRESSIVE;
				CLANG_CXX_LANGUAGE_STANDARD = "gnu++14";
				CLANG_CXX_LIBRARY = "libc++";
				CLANG_ENABLE_MODULES = YES;
				CLANG_ENABLE_OBJC_ARC = YES;
				CLANG_ENABLE_OBJC_WEAK = YES;
				CLANG_WARN_BLOCK_CAPTURE_AUTORELEASING = YES;
				CLANG_WARN_BOOL_CONVERSION = YES;
				CLANG_WARN_COMMA = YES;
				CLANG_WARN_CONSTANT_CONVERSION = YES;
				CLANG_WARN_DEPRECATED_OBJC_IMPLEMENTATIONS = YES;
				CLANG_WARN_DIRECT_OBJC_ISA_USAGE = YES_ERROR;
				CLANG_WARN_DOCUMENTATION_COMMENTS = YES;
				CLANG_WARN_EMPTY_BODY = YES;
				CLANG_WARN_ENUM_CONVERSION = YES;
				CLANG_WARN_INFINITE_RECURSION = YES;
				CLANG_WARN_INT_CONVERSION = YES;
				CLANG_WARN_NON_LITERAL_NULL_CONVERSION = YES;
				CLANG_WARN_OBJC_IMPLICIT_RETAIN_SELF = YES;
				CLANG_WARN_OBJC_LITERAL_CONVERSION = YES;
				CLANG_WARN_OBJC_ROOT_CLASS = YES_ERROR;
				CLANG_WARN_QUOTED_INCLUDE_IN_FRAMEWORK_HEADER = YES;
				CLANG_WARN_RANGE_LOOP_ANALYSIS = YES;
				CLANG_WARN_STRICT_PROTOTYPES = YES;
				CLANG_WARN_SUSPICIOUS_MOVE = YES;
				CLANG_WARN_UNGUARDED_AVAILABILITY = YES_AGGRESSIVE;
				CLANG_WARN_UNREACHABLE_CODE = YES;
				CLANG_WARN__DUPLICATE_METHOD_MATCH = YES;
				COPY_PHASE_STRIP = NO;
				DEBUG_INFORMATION_FORMAT = "dwarf-with-dsym";
				ENABLE_NS_ASSERTIONS = NO;
				ENABLE_STRICT_OBJC_MSGSEND = YES;
				GCC_C_LANGUAGE_STANDARD = gnu11;
				GCC_NO_COMMON_BLOCKS = YES;
				GCC_WARN_64_TO_32_BIT_CONVERSION = YES;
				GCC_WARN_ABOUT_RETURN_TYPE = YES_ERROR;
				GCC_WARN_UNDECLARED_SELECTOR = YES;
				GCC_WARN_UNINITIALIZED_AUTOS = YES_AGGRESSIVE;
				GCC_WARN_UNUSED_FUNCTION = YES;
				GCC_WARN_UNUSED_VARIABLE = YES;
				MACOSX_DEPLOYMENT_TARGET = 11.3;
				MTL_ENABLE_DEBUG_INFO = NO;
				MTL_FAST_MATH = YES;
				SDKROOT = macosx;
			};
			name = Release;
		};
		140A1B1926661B8E0056E1BE /* Debug */ = {
			isa = XCBuildConfiguration;
			buildSettings = {
				CODE_SIGN_STYLE = Automatic;
				DEVELOPMENT_TEAM = LLFN99S52K;
				ENABLE_HARDENED_RUNTIME = YES;
				PRODUCT_NAME = "$(TARGET_NAME)";
			};
			name = Debug;
		};
		140A1B1A26661B8E0056E1BE /* Release */ = {
			isa = XCBuildConfiguration;
			buildSettings = {
				CODE_SIGN_STYLE = Automatic;
				DEVELOPMENT_TEAM = LLFN99S52K;
				ENABLE_HARDENED_RUNTIME = YES;
				PRODUCT_NAME = "$(TARGET_NAME)";
			};
			name = Release;
		};
/* End XCBuildConfiguration section */

/* Begin XCConfigurationList section */
		140A1B0C26661B8E0056E1BE /* Build configuration list for PBXProject "oooccc" */ = {
			isa = XCConfigurationList;
			buildConfigurations = (
				140A1B1626661B8E0056E1BE /* Debug */,
				140A1B1726661B8E0056E1BE /* Release */,
			);
			defaultConfigurationIsVisible = 0;
			defaultConfigurationName = Release;
		};
		140A1B1826661B8E0056E1BE /* Build configuration list for PBXNativeTarget "oooccc" */ = {
			isa = XCConfigurationList;
			buildConfigurations = (
				140A1B1926661B8E0056E1BE /* Debug */,
				140A1B1A26661B8E0056E1BE /* Release */,
			);
			defaultConfigurationIsVisible = 0;
			defaultConfigurationName = Release;
		};
/* End XCConfigurationList section */
	};
	rootObject = 140A1B0926661B8E0056E1BE /* Project object */;
}
